
Microsoft Visual Studio Solution File, Format Version 12.00
Project("{FAE04EC0-301F-11D3-BF4B-00C04F79EFBC}") = "Ten10", "Ten10\Ten10.csproj", "{C115EC54-8314-4DC9-8404-1DB492074175}"
EndProject
Global
	GlobalSection(SolutionConfigurationPlatforms) = preSolution
		Debug|Any CPU = Debug|Any CPU
		Release|Any CPU = Release|Any CPU
	EndGlobalSection
	GlobalSection(ProjectConfigurationPlatforms) = postSolution
		{C115EC54-8314-4DC9-8404-1DB492074175}.Debug|Any CPU.ActiveCfg = Debug|Any CPU
		{C115EC54-8314-4DC9-8404-1DB492074175}.Debug|Any CPU.Build.0 = Debug|Any CPU
		{C115EC54-8314-4DC9-8404-1DB492074175}.Release|Any CPU.ActiveCfg = Release|Any CPU
		{C115EC54-8314-4DC9-8404-1DB492074175}.Release|Any CPU.Build.0 = Release|Any CPU
	EndGlobalSection
EndGlobal
